PODS:
  - SwiftProtobuf (1.9.0)
  - KhaosWalletCore (2.1.1):
    - KhaosWalletCore/Core (= 2.1.1)
  - KhaosWalletCore/Core (2.1.1):
    - KhaosWalletCore/Types
  - KhaosWalletCore/Types (2.1.1):
    - SwiftProtobuf

DEPENDENCIES:
  - KhaosWalletCore (~> 2.1.0)

SPEC REPOS:
  trunk:
    - SwiftProtobuf
    - KhaosWalletCore

SPEC CHECKSUMS:
  SwiftProtobuf: ecbec1be9036d15655f6b3443a1c4ea693c97932
  KhaosWalletCore: cd0373c69fd9bf92700783287544ce6a9aab041b

PODFILE CHECKSUM: a34fe0b289ed6fb4db3ae7964f62fa6b21ff0c0d

COCOAPODS: 1.9.3
